
Microsoft Visual Studio Solution File, Format Version 12.00
# Visual Studio Version 17
VisualStudioVersion = 17.0.32014.148
MinimumVisualStudioVersion = 10.0.40219.1
Project("{9A19103F-16F7-4668-BE54-9A1E7A4F7556}") = "StringExample", "StringExample\StringExample.csproj", "{91396096-24A4-4CFF-81EF-A5A38B45E807}"
EndProject
Project("{9A19103F-16F7-4668-BE54-9A1E7A4F7556}") = "StringPractice1", "StringPractice1\StringPractice1.csproj", "{18CE57AA-D0C3-4769-8E82-67762894444B}"
EndProject
Project("{9A19103F-16F7-4668-BE54-9A1E7A4F7556}") = "StringPractice2", "StringPractice2\StringPractice2.csproj", "{A30657FC-ED97-476F-837C-ED9035E22786}"
EndProject
Project("{FAE04EC0-301F-11D3-BF4B-00C04F79EFBC}") = "SortPractice3", "SortPractice3\SortPractice3.csproj", "{B60A370B-F494-4D89-A15C-062313131007}"
EndProject
Global
	GlobalSection(SolutionConfigurationPlatforms) = preSolution
		Debug|Any CPU = Debug|Any CPU
		Release|Any CPU = Release|Any CPU
	EndGlobalSection
	GlobalSection(ProjectConfigurationPlatforms) = postSolution
		{91396096-24A4-4CFF-81EF-A5A38B45E807}.Debug|Any CPU.ActiveCfg = Debug|Any CPU
		{91396096-24A4-4CFF-81EF-A5A38B45E807}.Debug|Any CPU.Build.0 = Debug|Any CPU
		{91396096-24A4-4CFF-81EF-A5A38B45E807}.Release|Any CPU.ActiveCfg = Release|Any CPU
		{91396096-24A4-4CFF-81EF-A5A38B45E807}.Release|Any CPU.Build.0 = Release|Any CPU
		{18CE57AA-D0C3-4769-8E82-67762894444B}.Debug|Any CPU.ActiveCfg = Debug|Any CPU
		{18CE57AA-D0C3-4769-8E82-67762894444B}.Debug|Any CPU.Build.0 = Debug|Any CPU
		{18CE57AA-D0C3-4769-8E82-67762894444B}.Release|Any CPU.ActiveCfg = Release|Any CPU
		{18CE57AA-D0C3-4769-8E82-67762894444B}.Release|Any CPU.Build.0 = Release|Any CPU
		{A30657FC-ED97-476F-837C-ED9035E22786}.Debug|Any CPU.ActiveCfg = Debug|Any CPU
		{A30657FC-ED97-476F-837C-ED9035E22786}.Debug|Any CPU.Build.0 = Debug|Any CPU
		{A30657FC-ED97-476F-837C-ED9035E22786}.Release|Any CPU.ActiveCfg = Release|Any CPU
		{A30657FC-ED97-476F-837C-ED9035E22786}.Release|Any CPU.Build.0 = Release|Any CPU
		{B60A370B-F494-4D89-A15C-062313131007}.Debug|Any CPU.ActiveCfg = Debug|Any CPU
		{B60A370B-F494-4D89-A15C-062313131007}.Debug|Any CPU.Build.0 = Debug|Any CPU
		{B60A370B-F494-4D89-A15C-062313131007}.Release|Any CPU.ActiveCfg = Release|Any CPU
		{B60A370B-F494-4D89-A15C-062313131007}.Release|Any CPU.Build.0 = Release|Any CPU
	EndGlobalSection
	GlobalSection(SolutionProperties) = preSolution
		HideSolutionNode = FALSE
	EndGlobalSection
	GlobalSection(ExtensibilityGlobals) = postSolution
		SolutionGuid = {94C1F08B-25DD-4FE1-A2FE-8AEF6304AEB9}
	EndGlobalSection
EndGlobal
